
Microsoft Visual Studio Solution File, Format Version 12.00
# Visual Studio 2012
Project("{FAE04EC0-301F-11D3-BF4B-00C04F79EFBC}") = "WashingMachineBooking", "WashingMachineBooking\WashingMachineBooking.csproj", "{B1D56DB0-6798-4124-BC2D-0FF0DA4DB358}"
EndProject
Global
	GlobalSection(SolutionConfigurationPlatforms) = preSolution
		Debug|Any CPU = Debug|Any CPU
		Release|Any CPU = Release|Any CPU
	EndGlobalSection
	GlobalSection(ProjectConfigurationPlatforms) = postSolution
		{B1D56DB0-6798-4124-BC2D-0FF0DA4DB358}.Debug|Any CPU.ActiveCfg = Debug|Any CPU
		{B1D56DB0-6798-4124-BC2D-0FF0DA4DB358}.Debug|Any CPU.Build.0 = Debug|Any CPU
		{B1D56DB0-6798-4124-BC2D-0FF0DA4DB358}.Release|Any CPU.ActiveCfg = Release|Any CPU
		{B1D56DB0-6798-4124-BC2D-0FF0DA4DB358}.Release|Any CPU.Build.0 = Release|Any CPU
	EndGlobalSection
	GlobalSection(SolutionProperties) = preSolution
		HideSolutionNode = FALSE
	EndGlobalSection
EndGlobal
